
Microsoft Visual Studio Solution File, Format Version 12.00
# Visual Studio Version 17
VisualStudioVersion = 17.14.36429.23 d17.14
MinimumVisualStudioVersion = 10.0.40219.1
Project("{2150E333-8FDC-42A3-9474-1A3956D46DE8}") = "Task0", "Task0", "{02EA681E-C7D8-13C7-8484-4AC65E1B71E8}"
EndProject
Project("{FAE04EC0-301F-11D3-BF4B-00C04F79EFBC}") = "Tyuiu.ZamyatinKP.Sprint4.Task0.V8", "Tyuiu.ZamyatinKP.Sprint4.Task0.V8\Tyuiu.ZamyatinKP.Sprint4.Task0.V8.csproj", "{49FE080E-607A-4B8E-9FD0-ED042E76F90E}"
EndProject
Project("{FAE04EC0-301F-11D3-BF4B-00C04F79EFBC}") = "Tyuiu.ZamyatinKP.Sprint4.Task0.V8.Lib", "Tyuiu.ZamyatinKP.Sprint4.Task0.V8.Lib\Tyuiu.ZamyatinKP.Sprint4.Task0.V8.Lib.csproj", "{992E61A5-D7F2-48B4-802B-982DEB85054F}"
EndProject
Project("{FAE04EC0-301F-11D3-BF4B-00C04F79EFBC}") = "Tyuiu.ZamyatinKP.Sprint4.Task0.V8.Test", "Tyuiu.ZamyatinKP.Sprint4.Task0.V8.Test\Tyuiu.ZamyatinKP.Sprint4.Task0.V8.Test.csproj", "{38DCE83F-45D1-44DB-8D60-17DE65A6940E}"
EndProject
Project("{2150E333-8FDC-42A3-9474-1A3956D46DE8}") = "Task1", "Task1", "{2F198996-1C54-4B34-A611-CB6D71A828DA}"
EndProject
Project("{FAE04EC0-301F-11D3-BF4B-00C04F79EFBC}") = "Tyuiu.ZamyatinKP.Sprint4.Task1.V21", "Tyuiu.ZamyatinKP.Sprint4.Task1.V21\Tyuiu.ZamyatinKP.Sprint4.Task1.V21.csproj", "{767B9084-3BD1-4BAD-BA3C-1C2202A2D637}"
EndProject
Project("{FAE04EC0-301F-11D3-BF4B-00C04F79EFBC}") = "Tyuiu.ZamyatinKP.Sprint4.Task1.V21.Lib", "Tyuiu.ZamyatinKP.Sprint4.Task1.V21.Lib\Tyuiu.ZamyatinKP.Sprint4.Task1.V21.Lib.csproj", "{9AE20961-032E-40F4-A5D9-08767A1F1D4D}"
EndProject
Project("{FAE04EC0-301F-11D3-BF4B-00C04F79EFBC}") = "Tyuiu.ZamyatinKP.Sprint4.Task1.V21.Test", "Tyuiu.ZamyatinKP.Sprint4.Task1.V21.Test\Tyuiu.ZamyatinKP.Sprint4.Task1.V21.Test.csproj", "{7BB97DCD-6310-403D-9EA6-52B1AEC49FFF}"
EndProject
Project("{2150E333-8FDC-42A3-9474-1A3956D46DE8}") = "Task2", "Task2", "{1B5C6C5A-98D3-4890-BB1C-E495EE4479B3}"
EndProject
Project("{FAE04EC0-301F-11D3-BF4B-00C04F79EFBC}") = "Tyuiu.ZamyatinKP.Sprint4.Task2.V7", "Tyuiu.ZamyatinKP.Sprint4.Task2.V7\Tyuiu.ZamyatinKP.Sprint4.Task2.V7.csproj", "{E095F6ED-7F49-4CF9-9550-281A25CC9E1C}"
EndProject
Project("{FAE04EC0-301F-11D3-BF4B-00C04F79EFBC}") = "Tyuiu.ZamyatinKP.Sprint4.Task2.V7.Lib", "Tyuiu.ZamyatinKP.Sprint4.Task2.V7.Lib\Tyuiu.ZamyatinKP.Sprint4.Task2.V7.Lib.csproj", "{862FEACF-83F8-4B61-8DDD-7B89371F6D78}"
EndProject
Project("{FAE04EC0-301F-11D3-BF4B-00C04F79EFBC}") = "Tyuiu.ZamyatinKP.Sprint4.Task2.V7.Test", "Tyuiu.ZamyatinKP.Sprint4.Task2.V7.Test\Tyuiu.ZamyatinKP.Sprint4.Task2.V7.Test.csproj", "{23A5AECE-4D1D-4C43-B3B7-9B12510C0073}"
EndProject
Global
	GlobalSection(SolutionConfigurationPlatforms) = preSolution
		Debug|Any CPU = Debug|Any CPU
		Release|Any CPU = Release|Any CPU
	EndGlobalSection
	GlobalSection(ProjectConfigurationPlatforms) = postSolution
		{49FE080E-607A-4B8E-9FD0-ED042E76F90E}.Debug|Any CPU.ActiveCfg = Debug|Any CPU
		{49FE080E-607A-4B8E-9FD0-ED042E76F90E}.Debug|Any CPU.Build.0 = Debug|Any CPU
		{49FE080E-607A-4B8E-9FD0-ED042E76F90E}.Release|Any CPU.ActiveCfg = Release|Any CPU
		{49FE080E-607A-4B8E-9FD0-ED042E76F90E}.Release|Any CPU.Build.0 = Release|Any CPU
		{992E61A5-D7F2-48B4-802B-982DEB85054F}.Debug|Any CPU.ActiveCfg = Debug|Any CPU
		{992E61A5-D7F2-48B4-802B-982DEB85054F}.Debug|Any CPU.Build.0 = Debug|Any CPU
		{992E61A5-D7F2-48B4-802B-982DEB85054F}.Release|Any CPU.ActiveCfg = Release|Any CPU
		{992E61A5-D7F2-48B4-802B-982DEB85054F}.Release|Any CPU.Build.0 = Release|Any CPU
		{38DCE83F-45D1-44DB-8D60-17DE65A6940E}.Debug|Any CPU.ActiveCfg = Debug|Any CPU
		{38DCE83F-45D1-44DB-8D60-17DE65A6940E}.Debug|Any CPU.Build.0 = Debug|Any CPU
		{38DCE83F-45D1-44DB-8D60-17DE65A6940E}.Release|Any CPU.ActiveCfg = Release|Any CPU
		{38DCE83F-45D1-44DB-8D60-17DE65A6940E}.Release|Any CPU.Build.0 = Release|Any CPU
		{767B9084-3BD1-4BAD-BA3C-1C2202A2D637}.Debug|Any CPU.ActiveCfg = Debug|Any CPU
		{767B9084-3BD1-4BAD-BA3C-1C2202A2D637}.Debug|Any CPU.Build.0 = Debug|Any CPU
		{767B9084-3BD1-4BAD-BA3C-1C2202A2D637}.Release|Any CPU.ActiveCfg = Release|Any CPU
		{767B9084-3BD1-4BAD-BA3C-1C2202A2D637}.Release|Any CPU.Build.0 = Release|Any CPU
		{9AE20961-032E-40F4-A5D9-08767A1F1D4D}.Debug|Any CPU.ActiveCfg = Debug|Any CPU
		{9AE20961-032E-40F4-A5D9-08767A1F1D4D}.Debug|Any CPU.Build.0 = Debug|Any CPU
		{9AE20961-032E-40F4-A5D9-08767A1F1D4D}.Release|Any CPU.ActiveCfg = Release|Any CPU
		{9AE20961-032E-40F4-A5D9-08767A1F1D4D}.Release|Any CPU.Build.0 = Release|Any CPU
		{7BB97DCD-6310-403D-9EA6-52B1AEC49FFF}.Debug|Any CPU.ActiveCfg = Debug|Any CPU
		{7BB97DCD-6310-403D-9EA6-52B1AEC49FFF}.Debug|Any CPU.Build.0 = Debug|Any CPU
		{7BB97DCD-6310-403D-9EA6-52B1AEC49FFF}.Release|Any CPU.ActiveCfg = Release|Any CPU
		{7BB97DCD-6310-403D-9EA6-52B1AEC49FFF}.Release|Any CPU.Build.0 = Release|Any CPU
		{E095F6ED-7F49-4CF9-9550-281A25CC9E1C}.Debug|Any CPU.ActiveCfg = Debug|Any CPU
		{E095F6ED-7F49-4CF9-9550-281A25CC9E1C}.Debug|Any CPU.Build.0 = Debug|Any CPU
		{E095F6ED-7F49-4CF9-9550-281A25CC9E1C}.Release|Any CPU.ActiveCfg = Release|Any CPU
		{E095F6ED-7F49-4CF9-9550-281A25CC9E1C}.Release|Any CPU.Build.0 = Release|Any CPU
		{862FEACF-83F8-4B61-8DDD-7B89371F6D78}.Debug|Any CPU.ActiveCfg = Debug|Any CPU
		{862FEACF-83F8-4B61-8DDD-7B89371F6D78}.Debug|Any CPU.Build.0 = Debug|Any CPU
		{862FEACF-83F8-4B61-8DDD-7B89371F6D78}.Release|Any CPU.ActiveCfg = Release|Any CPU
		{862FEACF-83F8-4B61-8DDD-7B89371F6D78}.Release|Any CPU.Build.0 = Release|Any CPU
		{23A5AECE-4D1D-4C43-B3B7-9B12510C0073}.Debug|Any CPU.ActiveCfg = Debug|Any CPU
		{23A5AECE-4D1D-4C43-B3B7-9B12510C0073}.Debug|Any CPU.Build.0 = Debug|Any CPU
		{23A5AECE-4D1D-4C43-B3B7-9B12510C0073}.Release|Any CPU.ActiveCfg = Release|Any CPU
		{23A5AECE-4D1D-4C43-B3B7-9B12510C0073}.Release|Any CPU.Build.0 = Release|Any CPU
	EndGlobalSection
	GlobalSection(SolutionProperties) = preSolution
		HideSolutionNode = FALSE
	EndGlobalSection
	GlobalSection(NestedProjects) = preSolution
		{49FE080E-607A-4B8E-9FD0-ED042E76F90E} = {02EA681E-C7D8-13C7-8484-4AC65E1B71E8}
		{992E61A5-D7F2-48B4-802B-982DEB85054F} = {02EA681E-C7D8-13C7-8484-4AC65E1B71E8}
		{38DCE83F-45D1-44DB-8D60-17DE65A6940E} = {02EA681E-C7D8-13C7-8484-4AC65E1B71E8}
		{767B9084-3BD1-4BAD-BA3C-1C2202A2D637} = {2F198996-1C54-4B34-A611-CB6D71A828DA}
		{9AE20961-032E-40F4-A5D9-08767A1F1D4D} = {2F198996-1C54-4B34-A611-CB6D71A828DA}
		{7BB97DCD-6310-403D-9EA6-52B1AEC49FFF} = {2F198996-1C54-4B34-A611-CB6D71A828DA}
		{E095F6ED-7F49-4CF9-9550-281A25CC9E1C} = {1B5C6C5A-98D3-4890-BB1C-E495EE4479B3}
		{862FEACF-83F8-4B61-8DDD-7B89371F6D78} = {1B5C6C5A-98D3-4890-BB1C-E495EE4479B3}
		{23A5AECE-4D1D-4C43-B3B7-9B12510C0073} = {1B5C6C5A-98D3-4890-BB1C-E495EE4479B3}
	EndGlobalSection
	GlobalSection(ExtensibilityGlobals) = postSolution
		SolutionGuid = {CCFE5427-B9C5-47EE-9AC1-3E601DCDC9F7}
	EndGlobalSection
EndGlobal
