
Microsoft Visual Studio Solution File, Format Version 12.00
# Visual Studio Version 17
VisualStudioVersion = 17.14.36429.23 d17.14
MinimumVisualStudioVersion = 10.0.40219.1
Project("{2150E333-8FDC-42A3-9474-1A3956D46DE8}") = "Task0", "Task0", "{02EA681E-C7D8-13C7-8484-4AC65E1B71E8}"
EndProject
Project("{FAE04EC0-301F-11D3-BF4B-00C04F79EFBC}") = "Tyuiu.ZamyatinKP.Sprint4.Task0.V8", "Tyuiu.ZamyatinKP.Sprint4.Task0.V8\Tyuiu.ZamyatinKP.Sprint4.Task0.V8.csproj", "{49FE080E-607A-4B8E-9FD0-ED042E76F90E}"
EndProject
Project("{FAE04EC0-301F-11D3-BF4B-00C04F79EFBC}") = "Tyuiu.ZamyatinKP.Sprint4.Task0.V8.Lib", "Tyuiu.ZamyatinKP.Sprint4.Task0.V8.Lib\Tyuiu.ZamyatinKP.Sprint4.Task0.V8.Lib.csproj", "{992E61A5-D7F2-48B4-802B-982DEB85054F}"
EndProject
Project("{FAE04EC0-301F-11D3-BF4B-00C04F79EFBC}") = "Tyuiu.ZamyatinKP.Sprint4.Task0.V8.Test", "Tyuiu.ZamyatinKP.Sprint4.Task0.V8.Test\Tyuiu.ZamyatinKP.Sprint4.Task0.V8.Test.csproj", "{38DCE83F-45D1-44DB-8D60-17DE65A6940E}"
EndProject
Project("{2150E333-8FDC-42A3-9474-1A3956D46DE8}") = "Task1", "Task1", "{2F198996-1C54-4B34-A611-CB6D71A828DA}"
EndProject
Project("{FAE04EC0-301F-11D3-BF4B-00C04F79EFBC}") = "Tyuiu.ZamyatinKP.Sprint4.Task1.V21", "Tyuiu.ZamyatinKP.Sprint4.Task1.V21\Tyuiu.ZamyatinKP.Sprint4.Task1.V21.csproj", "{767B9084-3BD1-4BAD-BA3C-1C2202A2D637}"
EndProject
Project("{FAE04EC0-301F-11D3-BF4B-00C04F79EFBC}") = "Tyuiu.ZamyatinKP.Sprint4.Task1.V21.Lib", "Tyuiu.ZamyatinKP.Sprint4.Task1.V21.Lib\Tyuiu.ZamyatinKP.Sprint4.Task1.V21.Lib.csproj", "{9AE20961-032E-40F4-A5D9-08767A1F1D4D}"
EndProject
Project("{FAE04EC0-301F-11D3-BF4B-00C04F79EFBC}") = "Tyuiu.ZamyatinKP.Sprint4.Task1.V21.Test", "Tyuiu.ZamyatinKP.Sprint4.Task1.V21.Test\Tyuiu.ZamyatinKP.Sprint4.Task1.V21.Test.csproj", "{7BB97DCD-6310-403D-9EA6-52B1AEC49FFF}"
EndProject
Project("{2150E333-8FDC-42A3-9474-1A3956D46DE8}") = "Task2", "Task2", "{1B5C6C5A-98D3-4890-BB1C-E495EE4479B3}"
EndProject
Project("{FAE04EC0-301F-11D3-BF4B-00C04F79EFBC}") = "Tyuiu.ZamyatinKP.Sprint4.Task2.V7", "Tyuiu.ZamyatinKP.Sprint4.Task2.V7\Tyuiu.ZamyatinKP.Sprint4.Task2.V7.csproj", "{E095F6ED-7F49-4CF9-9550-281A25CC9E1C}"
EndProject
Project("{FAE04EC0-301F-11D3-BF4B-00C04F79EFBC}") = "Tyuiu.ZamyatinKP.Sprint4.Task2.V7.Lib", "Tyuiu.ZamyatinKP.Sprint4.Task2.V7.Lib\Tyuiu.ZamyatinKP.Sprint4.Task2.V7.Lib.csproj", "{862FEACF-83F8-4B61-8DDD-7B89371F6D78}"
EndProject
Project("{FAE04EC0-301F-11D3-BF4B-00C04F79EFBC}") = "Tyuiu.ZamyatinKP.Sprint4.Task2.V7.Test", "Tyuiu.ZamyatinKP.Sprint4.Task2.V7.Test\Tyuiu.ZamyatinKP.Sprint4.Task2.V7.Test.csproj", "{23A5AECE-4D1D-4C43-B3B7-9B12510C0073}"
EndProject
Project("{2150E333-8FDC-42A3-9474-1A3956D46DE8}") = "Task3", "Task3", "{981609B6-B353-404B-8179-A0ED9AFDC1B9}"
EndProject
Project("{FAE04EC0-301F-11D3-BF4B-00C04F79EFBC}") = "Tyuiu.ZamyatinKP.Sprint4.Task3.V3", "Tyuiu.ZamyatinKP.Sprint4.Task3.V3\Tyuiu.ZamyatinKP.Sprint4.Task3.V3.csproj", "{0F9FAF1A-9E66-4A8C-9D76-EDF3563CA8D7}"
EndProject
Project("{FAE04EC0-301F-11D3-BF4B-00C04F79EFBC}") = "Tyuiu.ZamyatinKP.Sprint4.Task3.V3.Lib", "Tyuiu.ZamyatinKP.Sprint4.Task3.V3.Lib\Tyuiu.ZamyatinKP.Sprint4.Task3.V3.Lib.csproj", "{F14BA344-2D1B-46E8-8EB3-74CD24EC9A60}"
EndProject
Project("{FAE04EC0-301F-11D3-BF4B-00C04F79EFBC}") = "Tyuiu.ZamyatinKP.Sprint4.Task3.V3.Test", "Tyuiu.ZamyatinKP.Sprint4.Task3.V3.Test\Tyuiu.ZamyatinKP.Sprint4.Task3.V3.Test.csproj", "{59A9BDBF-3071-4A6D-AFBF-420D67635CEC}"
EndProject
Project("{2150E333-8FDC-42A3-9474-1A3956D46DE8}") = "Task4", "Task4", "{AFB03819-BD16-4F3C-AC18-C1714187205A}"
EndProject
Project("{FAE04EC0-301F-11D3-BF4B-00C04F79EFBC}") = "Tyuiu.ZamyatinKP.Sprint4.Task4.V8", "Tyuiu.ZamyatinKP.Sprint4.Task4.V8\Tyuiu.ZamyatinKP.Sprint4.Task4.V8.csproj", "{57013684-412C-4DFE-941C-5C80588C48BC}"
EndProject
Project("{FAE04EC0-301F-11D3-BF4B-00C04F79EFBC}") = "Tyuiu.ZamyatinKP.Sprint4.Task4.V8.Lib", "Tyuiu.ZamyatinKP.Sprint4.Task4.V8.Lib\Tyuiu.ZamyatinKP.Sprint4.Task4.V8.Lib.csproj", "{45421E4D-5F9E-4FC3-997F-4F33C9D64A35}"
EndProject
Project("{FAE04EC0-301F-11D3-BF4B-00C04F79EFBC}") = "Tyuiu.ZamyatinKP.Sprint4.Task4.V8.Test", "Tyuiu.ZamyatinKP.Sprint4.Task4.V8.Test\Tyuiu.ZamyatinKP.Sprint4.Task4.V8.Test.csproj", "{7742710F-2F60-4995-A499-0ACACAD4A9DD}"
EndProject
Project("{2150E333-8FDC-42A3-9474-1A3956D46DE8}") = "Task5", "Task5", "{81522A34-C5F2-436B-9345-7DBF425CCD17}"
EndProject
Project("{FAE04EC0-301F-11D3-BF4B-00C04F79EFBC}") = "Tyuiu.ZamyatinKP.Sprint4.Task5.V17", "Tyuiu.ZamyatinKP.Sprint4.Task5.V17\Tyuiu.ZamyatinKP.Sprint4.Task5.V17.csproj", "{4A17657A-EFB0-45D8-8682-1B6DDAD370CB}"
EndProject
Project("{FAE04EC0-301F-11D3-BF4B-00C04F79EFBC}") = "Tyuiu.ZamyatinKP.Sprint4.Task5.V17.Lib", "Tyuiu.ZamyatinKP.Sprint4.Task5.V17.Lib\Tyuiu.ZamyatinKP.Sprint4.Task5.V17.Lib.csproj", "{B447998E-4A1C-41B2-806B-FC1E849A8A05}"
EndProject
Project("{FAE04EC0-301F-11D3-BF4B-00C04F79EFBC}") = "Tyuiu.ZamyatinKP.Sprint4.Task5.V17.Test", "Tyuiu.ZamyatinKP.Sprint4.Task5.V17.Test\Tyuiu.ZamyatinKP.Sprint4.Task5.V17.Test.csproj", "{2E954AF3-492E-42D6-8CED-3D72AE540949}"
EndProject
Project("{2150E333-8FDC-42A3-9474-1A3956D46DE8}") = "Task6", "Task6", "{A3E3B570-2DC3-481A-849D-DA48D2004B55}"
EndProject
Project("{FAE04EC0-301F-11D3-BF4B-00C04F79EFBC}") = "Tyuiu.ZamyatinKP.Sprint4.Task6.V1", "Tyuiu.ZamyatinKP.Sprint4.Task6.V1\Tyuiu.ZamyatinKP.Sprint4.Task6.V1.csproj", "{4B897FB3-59BD-442A-886C-77A0D2C2BB93}"
EndProject
Project("{FAE04EC0-301F-11D3-BF4B-00C04F79EFBC}") = "Tyuiu.ZamyatinKP.Sprint4.Task6.V1.Lib", "Tyuiu.ZamyatinKP.Sprint4.Task6.V1.Lib\Tyuiu.ZamyatinKP.Sprint4.Task6.V1.Lib.csproj", "{54A61A3A-ACB2-42F6-96AD-6FE681DE7B3A}"
EndProject
Project("{FAE04EC0-301F-11D3-BF4B-00C04F79EFBC}") = "Tyuiu.ZamyatinKP.Sprint4.Task6.V1.Test", "Tyuiu.ZamyatinKP.Sprint4.Task6.V1.Test\Tyuiu.ZamyatinKP.Sprint4.Task6.V1.Test.csproj", "{FC3F002C-5F79-4F67-BE22-B689B21049D2}"
EndProject
Project("{2150E333-8FDC-42A3-9474-1A3956D46DE8}") = "Task7", "Task7", "{4B02963F-94DC-49D7-9A69-96B6D5D85DAF}"
EndProject
Project("{FAE04EC0-301F-11D3-BF4B-00C04F79EFBC}") = "Tyuiu.ZamyatinKP.Sprint4.Task7.V22", "Tyuiu.ZamyatinKP.Sprint4.Task7.V22\Tyuiu.ZamyatinKP.Sprint4.Task7.V22.csproj", "{24760FDB-CCE1-4253-9431-5EE649E970BD}"
EndProject
Project("{FAE04EC0-301F-11D3-BF4B-00C04F79EFBC}") = "Tyuiu.ZamyatinKP.Sprint4.Task7.V22.Lib", "Tyuiu.ZamyatinKP.Sprint4.Task7.V22.Lib\Tyuiu.ZamyatinKP.Sprint4.Task7.V22.Lib.csproj", "{1004C23B-BC81-4912-8E37-A4021EAF7A65}"
EndProject
Project("{FAE04EC0-301F-11D3-BF4B-00C04F79EFBC}") = "Tyuiu.ZamyatinKP.Sprint4.Task7.V22.Test", "Tyuiu.ZamyatinKP.Sprint4.Task7.V22.Test\Tyuiu.ZamyatinKP.Sprint4.Task7.V22.Test.csproj", "{E8C84D3F-2017-4029-BE31-8CDF9C7DA2FD}"
EndProject
Global
	GlobalSection(SolutionConfigurationPlatforms) = preSolution
		Debug|Any CPU = Debug|Any CPU
		Release|Any CPU = Release|Any CPU
	EndGlobalSection
	GlobalSection(ProjectConfigurationPlatforms) = postSolution
		{49FE080E-607A-4B8E-9FD0-ED042E76F90E}.Debug|Any CPU.ActiveCfg = Debug|Any CPU
		{49FE080E-607A-4B8E-9FD0-ED042E76F90E}.Debug|Any CPU.Build.0 = Debug|Any CPU
		{49FE080E-607A-4B8E-9FD0-ED042E76F90E}.Release|Any CPU.ActiveCfg = Release|Any CPU
		{49FE080E-607A-4B8E-9FD0-ED042E76F90E}.Release|Any CPU.Build.0 = Release|Any CPU
		{992E61A5-D7F2-48B4-802B-982DEB85054F}.Debug|Any CPU.ActiveCfg = Debug|Any CPU
		{992E61A5-D7F2-48B4-802B-982DEB85054F}.Debug|Any CPU.Build.0 = Debug|Any CPU
		{992E61A5-D7F2-48B4-802B-982DEB85054F}.Release|Any CPU.ActiveCfg = Release|Any CPU
		{992E61A5-D7F2-48B4-802B-982DEB85054F}.Release|Any CPU.Build.0 = Release|Any CPU
		{38DCE83F-45D1-44DB-8D60-17DE65A6940E}.Debug|Any CPU.ActiveCfg = Debug|Any CPU
		{38DCE83F-45D1-44DB-8D60-17DE65A6940E}.Debug|Any CPU.Build.0 = Debug|Any CPU
		{38DCE83F-45D1-44DB-8D60-17DE65A6940E}.Release|Any CPU.ActiveCfg = Release|Any CPU
		{38DCE83F-45D1-44DB-8D60-17DE65A6940E}.Release|Any CPU.Build.0 = Release|Any CPU
		{767B9084-3BD1-4BAD-BA3C-1C2202A2D637}.Debug|Any CPU.ActiveCfg = Debug|Any CPU
		{767B9084-3BD1-4BAD-BA3C-1C2202A2D637}.Debug|Any CPU.Build.0 = Debug|Any CPU
		{767B9084-3BD1-4BAD-BA3C-1C2202A2D637}.Release|Any CPU.ActiveCfg = Release|Any CPU
		{767B9084-3BD1-4BAD-BA3C-1C2202A2D637}.Release|Any CPU.Build.0 = Release|Any CPU
		{9AE20961-032E-40F4-A5D9-08767A1F1D4D}.Debug|Any CPU.ActiveCfg = Debug|Any CPU
		{9AE20961-032E-40F4-A5D9-08767A1F1D4D}.Debug|Any CPU.Build.0 = Debug|Any CPU
		{9AE20961-032E-40F4-A5D9-08767A1F1D4D}.Release|Any CPU.ActiveCfg = Release|Any CPU
		{9AE20961-032E-40F4-A5D9-08767A1F1D4D}.Release|Any CPU.Build.0 = Release|Any CPU
		{7BB97DCD-6310-403D-9EA6-52B1AEC49FFF}.Debug|Any CPU.ActiveCfg = Debug|Any CPU
		{7BB97DCD-6310-403D-9EA6-52B1AEC49FFF}.Debug|Any CPU.Build.0 = Debug|Any CPU
		{7BB97DCD-6310-403D-9EA6-52B1AEC49FFF}.Release|Any CPU.ActiveCfg = Release|Any CPU
		{7BB97DCD-6310-403D-9EA6-52B1AEC49FFF}.Release|Any CPU.Build.0 = Release|Any CPU
		{E095F6ED-7F49-4CF9-9550-281A25CC9E1C}.Debug|Any CPU.ActiveCfg = Debug|Any CPU
		{E095F6ED-7F49-4CF9-9550-281A25CC9E1C}.Debug|Any CPU.Build.0 = Debug|Any CPU
		{E095F6ED-7F49-4CF9-9550-281A25CC9E1C}.Release|Any CPU.ActiveCfg = Release|Any CPU
		{E095F6ED-7F49-4CF9-9550-281A25CC9E1C}.Release|Any CPU.Build.0 = Release|Any CPU
		{862FEACF-83F8-4B61-8DDD-7B89371F6D78}.Debug|Any CPU.ActiveCfg = Debug|Any CPU
		{862FEACF-83F8-4B61-8DDD-7B89371F6D78}.Debug|Any CPU.Build.0 = Debug|Any CPU
		{862FEACF-83F8-4B61-8DDD-7B89371F6D78}.Release|Any CPU.ActiveCfg = Release|Any CPU
		{862FEACF-83F8-4B61-8DDD-7B89371F6D78}.Release|Any CPU.Build.0 = Release|Any CPU
		{23A5AECE-4D1D-4C43-B3B7-9B12510C0073}.Debug|Any CPU.ActiveCfg = Debug|Any CPU
		{23A5AECE-4D1D-4C43-B3B7-9B12510C0073}.Debug|Any CPU.Build.0 = Debug|Any CPU
		{23A5AECE-4D1D-4C43-B3B7-9B12510C0073}.Release|Any CPU.ActiveCfg = Release|Any CPU
		{23A5AECE-4D1D-4C43-B3B7-9B12510C0073}.Release|Any CPU.Build.0 = Release|Any CPU
		{0F9FAF1A-9E66-4A8C-9D76-EDF3563CA8D7}.Debug|Any CPU.ActiveCfg = Debug|Any CPU
		{0F9FAF1A-9E66-4A8C-9D76-EDF3563CA8D7}.Debug|Any CPU.Build.0 = Debug|Any CPU
		{0F9FAF1A-9E66-4A8C-9D76-EDF3563CA8D7}.Release|Any CPU.ActiveCfg = Release|Any CPU
		{0F9FAF1A-9E66-4A8C-9D76-EDF3563CA8D7}.Release|Any CPU.Build.0 = Release|Any CPU
		{F14BA344-2D1B-46E8-8EB3-74CD24EC9A60}.Debug|Any CPU.ActiveCfg = Debug|Any CPU
		{F14BA344-2D1B-46E8-8EB3-74CD24EC9A60}.Debug|Any CPU.Build.0 = Debug|Any CPU
		{F14BA344-2D1B-46E8-8EB3-74CD24EC9A60}.Release|Any CPU.ActiveCfg = Release|Any CPU
		{F14BA344-2D1B-46E8-8EB3-74CD24EC9A60}.Release|Any CPU.Build.0 = Release|Any CPU
		{59A9BDBF-3071-4A6D-AFBF-420D67635CEC}.Debug|Any CPU.ActiveCfg = Debug|Any CPU
		{59A9BDBF-3071-4A6D-AFBF-420D67635CEC}.Debug|Any CPU.Build.0 = Debug|Any CPU
		{59A9BDBF-3071-4A6D-AFBF-420D67635CEC}.Release|Any CPU.ActiveCfg = Release|Any CPU
		{59A9BDBF-3071-4A6D-AFBF-420D67635CEC}.Release|Any CPU.Build.0 = Release|Any CPU
		{57013684-412C-4DFE-941C-5C80588C48BC}.Debug|Any CPU.ActiveCfg = Debug|Any CPU
		{57013684-412C-4DFE-941C-5C80588C48BC}.Debug|Any CPU.Build.0 = Debug|Any CPU
		{57013684-412C-4DFE-941C-5C80588C48BC}.Release|Any CPU.ActiveCfg = Release|Any CPU
		{57013684-412C-4DFE-941C-5C80588C48BC}.Release|Any CPU.Build.0 = Release|Any CPU
		{45421E4D-5F9E-4FC3-997F-4F33C9D64A35}.Debug|Any CPU.ActiveCfg = Debug|Any CPU
		{45421E4D-5F9E-4FC3-997F-4F33C9D64A35}.Debug|Any CPU.Build.0 = Debug|Any CPU
		{45421E4D-5F9E-4FC3-997F-4F33C9D64A35}.Release|Any CPU.ActiveCfg = Release|Any CPU
		{45421E4D-5F9E-4FC3-997F-4F33C9D64A35}.Release|Any CPU.Build.0 = Release|Any CPU
		{7742710F-2F60-4995-A499-0ACACAD4A9DD}.Debug|Any CPU.ActiveCfg = Debug|Any CPU
		{7742710F-2F60-4995-A499-0ACACAD4A9DD}.Debug|Any CPU.Build.0 = Debug|Any CPU
		{7742710F-2F60-4995-A499-0ACACAD4A9DD}.Release|Any CPU.ActiveCfg = Release|Any CPU
		{7742710F-2F60-4995-A499-0ACACAD4A9DD}.Release|Any CPU.Build.0 = Release|Any CPU
		{4A17657A-EFB0-45D8-8682-1B6DDAD370CB}.Debug|Any CPU.ActiveCfg = Debug|Any CPU
		{4A17657A-EFB0-45D8-8682-1B6DDAD370CB}.Debug|Any CPU.Build.0 = Debug|Any CPU
		{4A17657A-EFB0-45D8-8682-1B6DDAD370CB}.Release|Any CPU.ActiveCfg = Release|Any CPU
		{4A17657A-EFB0-45D8-8682-1B6DDAD370CB}.Release|Any CPU.Build.0 = Release|Any CPU
		{B447998E-4A1C-41B2-806B-FC1E849A8A05}.Debug|Any CPU.ActiveCfg = Debug|Any CPU
		{B447998E-4A1C-41B2-806B-FC1E849A8A05}.Debug|Any CPU.Build.0 = Debug|Any CPU
		{B447998E-4A1C-41B2-806B-FC1E849A8A05}.Release|Any CPU.ActiveCfg = Release|Any CPU
		{B447998E-4A1C-41B2-806B-FC1E849A8A05}.Release|Any CPU.Build.0 = Release|Any CPU
		{2E954AF3-492E-42D6-8CED-3D72AE540949}.Debug|Any CPU.ActiveCfg = Debug|Any CPU
		{2E954AF3-492E-42D6-8CED-3D72AE540949}.Debug|Any CPU.Build.0 = Debug|Any CPU
		{2E954AF3-492E-42D6-8CED-3D72AE540949}.Release|Any CPU.ActiveCfg = Release|Any CPU
		{2E954AF3-492E-42D6-8CED-3D72AE540949}.Release|Any CPU.Build.0 = Release|Any CPU
		{4B897FB3-59BD-442A-886C-77A0D2C2BB93}.Debug|Any CPU.ActiveCfg = Debug|Any CPU
		{4B897FB3-59BD-442A-886C-77A0D2C2BB93}.Debug|Any CPU.Build.0 = Debug|Any CPU
		{4B897FB3-59BD-442A-886C-77A0D2C2BB93}.Release|Any CPU.ActiveCfg = Release|Any CPU
		{4B897FB3-59BD-442A-886C-77A0D2C2BB93}.Release|Any CPU.Build.0 = Release|Any CPU
		{54A61A3A-ACB2-42F6-96AD-6FE681DE7B3A}.Debug|Any CPU.ActiveCfg = Debug|Any CPU
		{54A61A3A-ACB2-42F6-96AD-6FE681DE7B3A}.Debug|Any CPU.Build.0 = Debug|Any CPU
		{54A61A3A-ACB2-42F6-96AD-6FE681DE7B3A}.Release|Any CPU.ActiveCfg = Release|Any CPU
		{54A61A3A-ACB2-42F6-96AD-6FE681DE7B3A}.Release|Any CPU.Build.0 = Release|Any CPU
		{FC3F002C-5F79-4F67-BE22-B689B21049D2}.Debug|Any CPU.ActiveCfg = Debug|Any CPU
		{FC3F002C-5F79-4F67-BE22-B689B21049D2}.Debug|Any CPU.Build.0 = Debug|Any CPU
		{FC3F002C-5F79-4F67-BE22-B689B21049D2}.Release|Any CPU.ActiveCfg = Release|Any CPU
		{FC3F002C-5F79-4F67-BE22-B689B21049D2}.Release|Any CPU.Build.0 = Release|Any CPU
		{24760FDB-CCE1-4253-9431-5EE649E970BD}.Debug|Any CPU.ActiveCfg = Debug|Any CPU
		{24760FDB-CCE1-4253-9431-5EE649E970BD}.Debug|Any CPU.Build.0 = Debug|Any CPU
		{24760FDB-CCE1-4253-9431-5EE649E970BD}.Release|Any CPU.ActiveCfg = Release|Any CPU
		{24760FDB-CCE1-4253-9431-5EE649E970BD}.Release|Any CPU.Build.0 = Release|Any CPU
		{1004C23B-BC81-4912-8E37-A4021EAF7A65}.Debug|Any CPU.ActiveCfg = Debug|Any CPU
		{1004C23B-BC81-4912-8E37-A4021EAF7A65}.Debug|Any CPU.Build.0 = Debug|Any CPU
		{1004C23B-BC81-4912-8E37-A4021EAF7A65}.Release|Any CPU.ActiveCfg = Release|Any CPU
		{1004C23B-BC81-4912-8E37-A4021EAF7A65}.Release|Any CPU.Build.0 = Release|Any CPU
		{E8C84D3F-2017-4029-BE31-8CDF9C7DA2FD}.Debug|Any CPU.ActiveCfg = Debug|Any CPU
		{E8C84D3F-2017-4029-BE31-8CDF9C7DA2FD}.Debug|Any CPU.Build.0 = Debug|Any CPU
		{E8C84D3F-2017-4029-BE31-8CDF9C7DA2FD}.Release|Any CPU.ActiveCfg = Release|Any CPU
		{E8C84D3F-2017-4029-BE31-8CDF9C7DA2FD}.Release|Any CPU.Build.0 = Release|Any CPU
	EndGlobalSection
	GlobalSection(SolutionProperties) = preSolution
		HideSolutionNode = FALSE
	EndGlobalSection
	GlobalSection(NestedProjects) = preSolution
		{49FE080E-607A-4B8E-9FD0-ED042E76F90E} = {02EA681E-C7D8-13C7-8484-4AC65E1B71E8}
		{992E61A5-D7F2-48B4-802B-982DEB85054F} = {02EA681E-C7D8-13C7-8484-4AC65E1B71E8}
		{38DCE83F-45D1-44DB-8D60-17DE65A6940E} = {02EA681E-C7D8-13C7-8484-4AC65E1B71E8}
		{767B9084-3BD1-4BAD-BA3C-1C2202A2D637} = {2F198996-1C54-4B34-A611-CB6D71A828DA}
		{9AE20961-032E-40F4-A5D9-08767A1F1D4D} = {2F198996-1C54-4B34-A611-CB6D71A828DA}
		{7BB97DCD-6310-403D-9EA6-52B1AEC49FFF} = {2F198996-1C54-4B34-A611-CB6D71A828DA}
		{E095F6ED-7F49-4CF9-9550-281A25CC9E1C} = {1B5C6C5A-98D3-4890-BB1C-E495EE4479B3}
		{862FEACF-83F8-4B61-8DDD-7B89371F6D78} = {1B5C6C5A-98D3-4890-BB1C-E495EE4479B3}
		{23A5AECE-4D1D-4C43-B3B7-9B12510C0073} = {1B5C6C5A-98D3-4890-BB1C-E495EE4479B3}
		{0F9FAF1A-9E66-4A8C-9D76-EDF3563CA8D7} = {981609B6-B353-404B-8179-A0ED9AFDC1B9}
		{F14BA344-2D1B-46E8-8EB3-74CD24EC9A60} = {981609B6-B353-404B-8179-A0ED9AFDC1B9}
		{59A9BDBF-3071-4A6D-AFBF-420D67635CEC} = {981609B6-B353-404B-8179-A0ED9AFDC1B9}
		{57013684-412C-4DFE-941C-5C80588C48BC} = {AFB03819-BD16-4F3C-AC18-C1714187205A}
		{45421E4D-5F9E-4FC3-997F-4F33C9D64A35} = {AFB03819-BD16-4F3C-AC18-C1714187205A}
		{7742710F-2F60-4995-A499-0ACACAD4A9DD} = {AFB03819-BD16-4F3C-AC18-C1714187205A}
		{4A17657A-EFB0-45D8-8682-1B6DDAD370CB} = {81522A34-C5F2-436B-9345-7DBF425CCD17}
		{B447998E-4A1C-41B2-806B-FC1E849A8A05} = {81522A34-C5F2-436B-9345-7DBF425CCD17}
		{2E954AF3-492E-42D6-8CED-3D72AE540949} = {81522A34-C5F2-436B-9345-7DBF425CCD17}
		{4B897FB3-59BD-442A-886C-77A0D2C2BB93} = {A3E3B570-2DC3-481A-849D-DA48D2004B55}
		{54A61A3A-ACB2-42F6-96AD-6FE681DE7B3A} = {A3E3B570-2DC3-481A-849D-DA48D2004B55}
		{FC3F002C-5F79-4F67-BE22-B689B21049D2} = {A3E3B570-2DC3-481A-849D-DA48D2004B55}
		{24760FDB-CCE1-4253-9431-5EE649E970BD} = {4B02963F-94DC-49D7-9A69-96B6D5D85DAF}
		{1004C23B-BC81-4912-8E37-A4021EAF7A65} = {4B02963F-94DC-49D7-9A69-96B6D5D85DAF}
		{E8C84D3F-2017-4029-BE31-8CDF9C7DA2FD} = {4B02963F-94DC-49D7-9A69-96B6D5D85DAF}
	EndGlobalSection
	GlobalSection(ExtensibilityGlobals) = postSolution
		SolutionGuid = {CCFE5427-B9C5-47EE-9AC1-3E601DCDC9F7}
	EndGlobalSection
EndGlobal
